PODS:
  - Kingfisher (7.3.2)
  - MTiOSDevKit (0.1.2):
    - Kingfisher
    - SnapKit
  - SnapKit (5.6.0)

DEPENDENCIES:
  - MTiOSDevKit (from `../`)

SPEC REPOS:
  trunk:
    - Kingfisher
    - SnapKit

EXTERNAL SOURCES:
  MTiOSDevKit:
    :path: "../"

SPEC CHECKSUMS:
  Kingfisher: 0086ad83719761ba9b2cdaf6ef4d5b4878cbae23
  MTiOSDevKit: 163a5c7e0f223cb22e063660e2a80f10dafb3275
  SnapKit: e01d52ebb8ddbc333eefe2132acf85c8227d9c25

PODFILE CHECKSUM: 4de1df8975a6efd1fad158f531fee6c841028786

COCOAPODS: 1.11.3
